
Microsoft Visual Studio Solution File, Format Version 12.00
# Visual Studio Version 16
VisualStudioVersion = 16.0.30523.141
MinimumVisualStudioVersion = 10.0.40219.1
Project("{FAE04EC0-301F-11D3-BF4B-00C04F79EFBC}") = "lr1_CG_Cheremnov", "lr1_CG_Cheremnov.csproj", "{BD3DD49B-625C-4BF5-B1CE-6AF1DCD27042}"
EndProject
Global
	GlobalSection(SolutionConfigurationPlatforms) = preSolution
		Debug|Any CPU = Debug|Any CPU
		Release|Any CPU = Release|Any CPU
	EndGlobalSection
	GlobalSection(ProjectConfigurationPlatforms) = postSolution
		{BD3DD49B-625C-4BF5-B1CE-6AF1DCD27042}.Debug|Any CPU.ActiveCfg = Debug|Any CPU
		{BD3DD49B-625C-4BF5-B1CE-6AF1DCD27042}.Debug|Any CPU.Build.0 = Debug|Any CPU
		{BD3DD49B-625C-4BF5-B1CE-6AF1DCD27042}.Release|Any CPU.ActiveCfg = Release|Any CPU
		{BD3DD49B-625C-4BF5-B1CE-6AF1DCD27042}.Release|Any CPU.Build.0 = Release|Any CPU
	EndGlobalSection
	GlobalSection(SolutionProperties) = preSolution
		HideSolutionNode = FALSE
	EndGlobalSection
	GlobalSection(ExtensibilityGlobals) = postSolution
		SolutionGuid = {6E00838C-9276-4AE5-B89B-601AD2D7F5A5}
	EndGlobalSection
EndGlobal
